// !$*UTF8*$!
{
	archiveVersion = 1;
	classes = {
	};
	objectVersion = 50;
	objects = {

/* Begin PBXBuildFile section */
		02CBA5A423DE9FE300524683 /* AppDelegate.swift in Sources */ = {isa = PBXBuildFile; fileRef = 02CBA5A323DE9FE300524683 /* AppDelegate.swift */; };
		02CBA5A623DE9FE300524683 /* SceneDelegate.swift in Sources */ = {isa = PBXBuildFile; fileRef = 02CBA5A523DE9FE300524683 /* SceneDelegate.swift */; };
		02CBA5A823DE9FE300524683 /* ViewController.swift in Sources */ = {isa = PBXBuildFile; fileRef = 02CBA5A723DE9FE300524683 /* ViewController.swift */; };
		02CBA5AB23DE9FE300524683 /* Main.storyboard in Resources */ = {isa = PBXBuildFile; fileRef = 02CBA5A923DE9FE300524683 /* Main.storyboard */; };
		02CBA5AD23DE9FE500524683 /* Assets.xcassets in Resources */ = {isa = PBXBuildFile; fileRef = 02CBA5AC23DE9FE500524683 /* Assets.xcassets */; };
		02CBA5B023DE9FE500524683 /* LaunchScreen.storyboard in Resources */ = {isa = PBXBuildFile; fileRef = 02CBA5AE23DE9FE500524683 /* LaunchScreen.storyboard */; };
/* End PBXBuildFile section */

/* Begin PBXFileReference section */
		02CBA5A023DE9FE300524683 /* Assingment 2.app */ = {isa = PBXFileReference; explicitFileType = wrapper.application; includeInIndex = 0; path = "Assingment 2.app"; sourceTree = BUILT_PRODUCTS_DIR; };
		02CBA5A323DE9FE300524683 /* AppDelegate.swift */ = {isa = PBXFileReference; lastKnownFileType = sourcecode.swift; path = AppDelegate.swift; sourceTree = "<group>"; };
		02CBA5A523DE9FE300524683 /* SceneDelegate.swift */ = {isa = PBXFileReference; lastKnownFileType = sourcecode.swift; path = SceneDelegate.swift; sourceTree = "<group>"; };
		02CBA5A723DE9FE300524683 /* ViewController.swift */ = {isa = PBXFileReference; lastKnownFileType = sourcecode.swift; path = ViewController.swift; sourceTree = "<group>"; };
		02CBA5AA23DE9FE300524683 /* Base */ = {isa = PBXFileReference; lastKnownFileType = file.storyboard; name = Base; path = Base.lproj/Main.storyboard; sourceTree = "<group>"; };
		02CBA5AC23DE9FE500524683 /* Assets.xcassets */ = {isa = PBXFileReference; lastKnownFileType = folder.assetcatalog; path = Assets.xcassets; sourceTree = "<group>"; };
		02CBA5AF23DE9FE500524683 /* Base */ = {isa = PBXFileReference; lastKnownFileType = file.storyboard; name = Base; path = Base.lproj/LaunchScreen.storyboard; sourceTree = "<group>"; };
		02CBA5B123DE9FE500524683 /* Info.plist */ = {isa = PBXFileReference; lastKnownFileType = text.plist.xml; path = Info.plist; sourceTree = "<group>"; };
/* End PBXFileReference section */

/* Begin PBXFrameworksBuildPhase section */
		02CBA59D23DE9FE300524683 /* Frameworks */ = {
			isa = PBXFrameworksBuildPhase;
			buildActionMask = 2147483647;
			files = (
			);
			runOnlyForDeploymentPostprocessing = 0;
		};
/* End PBXFrameworksBuildPhase section */

/* Begin PBXGroup section */
		02CBA59723DE9FE300524683 = {
			isa = PBXGroup;
			children = (
				02CBA5A223DE9FE300524683 /* Assingment 2 */,
				02CBA5A123DE9FE300524683 /* Products */,
			);
			sourceTree = "<group>";
		};
		02CBA5A123DE9FE300524683 /* Products */ = {
			isa = PBXGroup;
			children = (
				02CBA5A023DE9FE300524683 /* Assingment 2.app */,
			);
			name = Products;
			sourceTree = "<group>";
		};
		02CBA5A223DE9FE300524683 /* Assingment 2 */ = {
			isa = PBXGroup;
			children = (
				02CBA5A323DE9FE300524683 /* AppDelegate.swift */,
				02CBA5A523DE9FE300524683 /* SceneDelegate.swift */,
				02CBA5B723DEA7D000524683 /* View */,
				02CBA5B823DEA80000524683 /* ViewController */,
				02CBA5A723DE9FE300524683 /* ViewController.swift */,
				02CBA5AE23DE9FE500524683 /* LaunchScreen.storyboard */,
				02CBA5B123DE9FE500524683 /* Info.plist */,
			);
			path = "Assingment 2";
			sourceTree = "<group>";
		};
		02CBA5B723DEA7D000524683 /* View */ = {
			isa = PBXGroup;
			children = (
				02CBA5A923DE9FE300524683 /* Main.storyboard */,
				02CBA5AC23DE9FE500524683 /* Assets.xcassets */,
			);
			path = View;
			sourceTree = "<group>";
		};
		02CBA5B823DEA80000524683 /* ViewController */ = {
			isa = PBXGroup;
			children = (
			);
			path = ViewController;
			sourceTree = "<group>";
		};
/* End PBXGroup section */

/* Begin PBXNativeTarget section */
		02CBA59F23DE9FE300524683 /* Assingment 2 */ = {
			isa = PBXNativeTarget;
			buildConfigurationList = 02CBA5B423DE9FE500524683 /* Build configuration list for PBXNativeTarget "Assingment 2" */;
			buildPhases = (
				02CBA59C23DE9FE300524683 /* Sources */,
				02CBA59D23DE9FE300524683 /* Frameworks */,
				02CBA59E23DE9FE300524683 /* Resources */,
			);
			buildRules = (
			);
			dependencies = (
			);
			name = "Assingment 2";
			productName = "Assingment 2";
			productReference = 02CBA5A023DE9FE300524683 /* Assingment 2.app */;
			productType = "com.apple.product-type.application";
		};
/* End PBXNativeTarget section */

/* Begin PBXProject section */
		02CBA59823DE9FE300524683 /* Project object */ = {
			isa = PBXProject;
			attributes = {
				LastSwiftUpdateCheck = 1130;
				LastUpgradeCheck = 1130;
				ORGANIZATIONNAME = Consultant;
				TargetAttributes = {
					02CBA59F23DE9FE300524683 = {
						CreatedOnToolsVersion = 11.3.1;
					};
				};
			};
			buildConfigurationList = 02CBA59B23DE9FE300524683 /* Build configuration list for PBXProject "Assingment 2" */;
			compatibilityVersion = "Xcode 9.3";
			developmentRegion = en;
			hasScannedForEncodings = 0;
			knownRegions = (
				en,
				Base,
			);
			mainGroup = 02CBA59723DE9FE300524683;
			productRefGroup = 02CBA5A123DE9FE300524683 /* Products */;
			projectDirPath = "";
			projectRoot = "";
			targets = (
				02CBA59F23DE9FE300524683 /* Assingment 2 */,
			);
		};
/* End PBXProject section */

/* Begin PBXResourcesBuildPhase section */
		02CBA59E23DE9FE300524683 /* Resources */ = {
			isa = PBXResourcesBuildPhase;
			buildActionMask = 2147483647;
			files = (
				02CBA5B023DE9FE500524683 /* LaunchScreen.storyboard in Resources */,
				02CBA5AD23DE9FE500524683 /* Assets.xcassets in Resources */,
				02CBA5AB23DE9FE300524683 /* Main.storyboard in Resources */,
			);
			runOnlyForDeploymentPostprocessing = 0;
		};
/* End PBXResourcesBuildPhase section */

/* Begin PBXSourcesBuildPhase section */
		02CBA59C23DE9FE300524683 /* Sources */ = {
			isa = PBXSourcesBuildPhase;
			buildActionMask = 2147483647;
			files = (
				02CBA5A823DE9FE300524683 /* ViewController.swift in Sources */,
				02CBA5A423DE9FE300524683 /* AppDelegate.swift in Sources */,
				02CBA5A623DE9FE300524683 /* SceneDelegate.swift in Sources */,
			);
			runOnlyForDeploymentPostprocessing = 0;
		};
/* End PBXSourcesBuildPhase section */

/* Begin PBXVariantGroup section */
		02CBA5A923DE9FE300524683 /* Main.storyboard */ = {
			isa = PBXVariantGroup;
			children = (
				02CBA5AA23DE9FE300524683 /* Base */,
			);
			name = Main.storyboard;
			sourceTree = "<group>";
		};
		02CBA5AE23DE9FE500524683 /* LaunchScreen.storyboard */ = {
			isa = PBXVariantGroup;
			children = (
				02CBA5AF23DE9FE500524683 /* Base */,
			);
			name = LaunchScreen.storyboard;
			sourceTree = "<group>";
		};
/* End PBXVariantGroup section */

/* Begin XCBuildConfiguration section */
		02CBA5B223DE9FE500524683 /* Debug */ = {
			isa = XCBuildConfiguration;
			buildSettings = {
				ALWAYS_SEARCH_USER_PATHS = NO;
				CLANG_ANALYZER_NONNULL = YES;
				CLANG_ANALYZER_NUMBER_OBJECT_CONVERSION = YES_AGGRESSIVE;
				CLANG_CXX_LANGUAGE_STANDARD = "gnu++14";
				CLANG_CXX_LIBRARY = "libc++";
				CLANG_ENABLE_MODULES = YES;
				CLANG_ENABLE_OBJC_ARC = YES;
				CLANG_ENABLE_OBJC_WEAK = YES;
				CLANG_WARN_BLOCK_CAPTURE_AUTORELEASING = YES;
				CLANG_WARN_BOOL_CONVERSION = YES;
				CLANG_WARN_COMMA = YES;
				CLANG_WARN_CONSTANT_CONVERSION = YES;
				CLANG_WARN_DEPRECATED_OBJC_IMPLEMENTATIONS = YES;
				CLANG_WARN_DIRECT_OBJC_ISA_USAGE = YES_ERROR;
				CLANG_WARN_DOCUMENTATION_COMMENTS = YES;
				CLANG_WARN_EMPTY_BODY = YES;
				CLANG_WARN_ENUM_CONVERSION = YES;
				CLANG_WARN_INFINITE_RECURSION = YES;
				CLANG_WARN_INT_CONVERSION = YES;
				CLANG_WARN_NON_LITERAL_NULL_CONVERSION = YES;
				CLANG_WARN_OBJC_IMPLICIT_RETAIN_SELF = YES;
				CLANG_WARN_OBJC_LITERAL_CONVERSION = YES;
				CLANG_WARN_OBJC_ROOT_CLASS = YES_ERROR;
				CLANG_WARN_RANGE_LOOP_ANALYSIS = YES;
				CLANG_WARN_STRICT_PROTOTYPES = YES;
				CLANG_WARN_SUSPICIOUS_MOVE = YES;
				CLANG_WARN_UNGUARDED_AVAILABILITY = YES_AGGRESSIVE;
				CLANG_WARN_UNREACHABLE_CODE = YES;
				CLANG_WARN__DUPLICATE_METHOD_MATCH = YES;
				COPY_PHASE_STRIP = NO;
				DEBUG_INFORMATION_FORMAT = dwarf;
				ENABLE_STRICT_OBJC_MSGSEND = YES;
				ENABLE_TESTABILITY = YES;
				GCC_C_LANGUAGE_STANDARD = gnu11;
				GCC_DYNAMIC_NO_PIC = NO;
				GCC_NO_COMMON_BLOCKS = YES;
				GCC_OPTIMIZATION_LEVEL = 0;
				GCC_PREPROCESSOR_DEFINITIONS = (
					"DEBUG=1",
					"$(inherited)",
				);
				GCC_WARN_64_TO_32_BIT_CONVERSION = YES;
				GCC_WARN_ABOUT_RETURN_TYPE = YES_ERROR;
				GCC_WARN_UNDECLARED_SELECTOR = YES;
				GCC_WARN_UNINITIALIZED_AUTOS = YES_AGGRESSIVE;
				GCC_WARN_UNUSED_FUNCTION = YES;
				GCC_WARN_UNUSED_VARIABLE = YES;
				IPHONEOS_DEPLOYMENT_TARGET = 13.2;
				MTL_ENABLE_DEBUG_INFO = INCLUDE_SOURCE;
				MTL_FAST_MATH = YES;
				ONLY_ACTIVE_ARCH = YES;
				SDKROOT = iphoneos;
				SWIFT_ACTIVE_COMPILATION_CONDITIONS = DEBUG;
				SWIFT_OPTIMIZATION_LEVEL = "-Onone";
			};
			name = Debug;
		};
		02CBA5B323DE9FE500524683 /* Release */ = {
			isa = XCBuildConfiguration;
			buildSettings = {
				ALWAYS_SEARCH_USER_PATHS = NO;
				CLANG_ANALYZER_NONNULL = YES;
				CLANG_ANALYZER_NUMBER_OBJECT_CONVERSION = YES_AGGRESSIVE;
				CLANG_CXX_LANGUAGE_STANDARD = "gnu++14";
				CLANG_CXX_LIBRARY = "libc++";
				CLANG_ENABLE_MODULES = YES;
				CLANG_ENABLE_OBJC_ARC = YES;
				CLANG_ENABLE_OBJC_WEAK = YES;
				CLANG_WARN_BLOCK_CAPTURE_AUTORELEASING = YES;
				CLANG_WARN_BOOL_CONVERSION = YES;
				CLANG_WARN_COMMA = YES;
				CLANG_WARN_CONSTANT_CONVERSION = YES;
				CLANG_WARN_DEPRECATED_OBJC_IMPLEMENTATIONS = YES;
				CLANG_WARN_DIRECT_OBJC_ISA_USAGE = YES_ERROR;
				CLANG_WARN_DOCUMENTATION_COMMENTS = YES;
				CLANG_WARN_EMPTY_BODY = YES;
				CLANG_WARN_ENUM_CONVERSION = YES;
				CLANG_WARN_INFINITE_RECURSION = YES;
				CLANG_WARN_INT_CONVERSION = YES;
				CLANG_WARN_NON_LITERAL_NULL_CONVERSION = YES;
				CLANG_WARN_OBJC_IMPLICIT_RETAIN_SELF = YES;
				CLANG_WARN_OBJC_LITERAL_CONVERSION = YES;
				CLANG_WARN_OBJC_ROOT_CLASS = YES_ERROR;
				CLANG_WARN_RANGE_LOOP_ANALYSIS = YES;
				CLANG_WARN_STRICT_PROTOTYPES = YES;
				CLANG_WARN_SUSPICIOUS_MOVE = YES;
				CLANG_WARN_UNGUARDED_AVAILABILITY = YES_AGGRESSIVE;
				CLANG_WARN_UNREACHABLE_CODE = YES;
				CLANG_WARN__DUPLICATE_METHOD_MATCH = YES;
				COPY_PHASE_STRIP = NO;
				DEBUG_INFORMATION_FORMAT = "dwarf-with-dsym";
				ENABLE_NS_ASSERTIONS = NO;
				ENABLE_STRICT_OBJC_MSGSEND = YES;
				GCC_C_LANGUAGE_STANDARD = gnu11;
				GCC_NO_COMMON_BLOCKS = YES;
				GCC_WARN_64_TO_32_BIT_CONVERSION = YES;
				GCC_WARN_ABOUT_RETURN_TYPE = YES_ERROR;
				GCC_WARN_UNDECLARED_SELECTOR = YES;
				GCC_WARN_UNINITIALIZED_AUTOS = YES_AGGRESSIVE;
				GCC_WARN_UNUSED_FUNCTION = YES;
				GCC_WARN_UNUSED_VARIABLE = YES;
				IPHONEOS_DEPLOYMENT_TARGET = 13.2;
				MTL_ENABLE_DEBUG_INFO = NO;
				MTL_FAST_MATH = YES;
				SDKROOT = iphoneos;
				SWIFT_COMPILATION_MODE = wholemodule;
				SWIFT_OPTIMIZATION_LEVEL = "-O";
				VALIDATE_PRODUCT = YES;
			};
			name = Release;
		};
		02CBA5B523DE9FE500524683 /* Debug */ = {
			isa = XCBuildConfiguration;
			buildSettings = {
				ASSETCATALOG_COMPILER_APPICON_NAME = AppIcon;
				CODE_SIGN_STYLE = Automatic;
				INFOPLIST_FILE = "Assingment 2/Info.plist";
				LD_RUNPATH_SEARCH_PATHS = (
					"$(inherited)",
					"@executable_path/Frameworks",
				);
				PRODUCT_BUNDLE_IDENTIFIER = "mac.Assingment-2";
				PRODUCT_NAME = "$(TARGET_NAME)";
				SWIFT_VERSION = 5.0;
				TARGETED_DEVICE_FAMILY = "1,2";
			};
			name = Debug;
		};
		02CBA5B623DE9FE500524683 /* Release */ = {
			isa = XCBuildConfiguration;
			buildSettings = {
				ASSETCATALOG_COMPILER_APPICON_NAME = AppIcon;
				CODE_SIGN_STYLE = Automatic;
				INFOPLIST_FILE = "Assingment 2/Info.plist";
				LD_RUNPATH_SEARCH_PATHS = (
					"$(inherited)",
					"@executable_path/Frameworks",
				);
				PRODUCT_BUNDLE_IDENTIFIER = "mac.Assingment-2";
				PRODUCT_NAME = "$(TARGET_NAME)";
				SWIFT_VERSION = 5.0;
				TARGETED_DEVICE_FAMILY = "1,2";
			};
			name = Release;
		};
/* End XCBuildConfiguration section */

/* Begin XCConfigurationList section */
		02CBA59B23DE9FE300524683 /* Build configuration list for PBXProject "Assingment 2" */ = {
			isa = XCConfigurationList;
			buildConfigurations = (
				02CBA5B223DE9FE500524683 /* Debug */,
				02CBA5B323DE9FE500524683 /* Release */,
			);
			defaultConfigurationIsVisible = 0;
			defaultConfigurationName = Release;
		};
		02CBA5B423DE9FE500524683 /* Build configuration list for PBXNativeTarget "Assingment 2" */ = {
			isa = XCConfigurationList;
			buildConfigurations = (
				02CBA5B523DE9FE500524683 /* Debug */,
				02CBA5B623DE9FE500524683 /* Release */,
			);
			defaultConfigurationIsVisible = 0;
			defaultConfigurationName = Release;
		};
/* End XCConfigurationList section */
	};
	rootObject = 02CBA59823DE9FE300524683 /* Project object */;
}
